// !$*UTF8*$!
{
	archiveVersion = 1;
	classes = {
	};
	objectVersion = 46;
	objects = {

/* Begin PBXBuildFile section */
		6281A2C119CFAC9A008ABC17 /* main.m in Sources */ = {isa = PBXBuildFile; fileRef = 6281A2C019CFAC9A008ABC17 /* main.m */; };
		6281A2C419CFAC9A008ABC17 /* AppDelegate.m in Sources */ = {isa = PBXBuildFile; fileRef = 6281A2C319CFAC9A008ABC17 /* AppDelegate.m */; };
		6281A2C619CFAC9A008ABC17 /* Images.xcassets in Resources */ = {isa = PBXBuildFile; fileRef = 6281A2C519CFAC9A008ABC17 /* Images.xcassets */; };
		6281A2C919CFAC9A008ABC17 /* MainMenu.xib in Resources */ = {isa = PBXBuildFile; fileRef = 6281A2C719CFAC9A008ABC17 /* MainMenu.xib */; };
		6281A2D519CFAC9A008ABC17 /* MacHandOffTests.m in Sources */ = {isa = PBXBuildFile; fileRef = 6281A2D419CFAC9A008ABC17 /* MacHandOffTests.m */; };
/* End PBXBuildFile section */

/* Begin PBXContainerItemProxy section */
		6281A2CF19CFAC9A008ABC17 /* PBXContainerItemProxy */ = {
			isa = PBXContainerItemProxy;
			containerPortal = 6281A2B319CFAC9A008ABC17 /* Project object */;
			proxyType = 1;
			remoteGlobalIDString = 6281A2BA19CFAC9A008ABC17;
			remoteInfo = MacHandOff;
		};
/* End PBXContainerItemProxy section */

/* Begin PBXFileReference section */
		6281A2BB19CFAC9A008ABC17 /* MacHandOff.app */ = {isa = PBXFileReference; explicitFileType = wrapper.application; includeInIndex = 0; path = MacHandOff.app; sourceTree = BUILT_PRODUCTS_DIR; };
		6281A2BF19CFAC9A008ABC17 /* Info.plist */ = {isa = PBXFileReference; lastKnownFileType = text.plist.xml; path = Info.plist; sourceTree = "<group>"; };
		6281A2C019CFAC9A008ABC17 /* main.m */ = {isa = PBXFileReference; lastKnownFileType = sourcecode.c.objc; path = main.m; sourceTree = "<group>"; };
		6281A2C219CFAC9A008ABC17 /* AppDelegate.h */ = {isa = PBXFileReference; lastKnownFileType = sourcecode.c.h; path = AppDelegate.h; sourceTree = "<group>"; };
		6281A2C319CFAC9A008ABC17 /* AppDelegate.m */ = {isa = PBXFileReference; lastKnownFileType = sourcecode.c.objc; path = AppDelegate.m; sourceTree = "<group>"; };
		6281A2C519CFAC9A008ABC17 /* Images.xcassets */ = {isa = PBXFileReference; lastKnownFileType = folder.assetcatalog; path = Images.xcassets; sourceTree = "<group>"; };
		6281A2C819CFAC9A008ABC17 /* Base */ = {isa = PBXFileReference; lastKnownFileType = file.xib; name = Base; path = Base.lproj/MainMenu.xib; sourceTree = "<group>"; };
		6281A2CE19CFAC9A008ABC17 /* MacHandOffTests.xctest */ = {isa = PBXFileReference; explicitFileType = wrapper.cfbundle; includeInIndex = 0; path = MacHandOffTests.xctest; sourceTree = BUILT_PRODUCTS_DIR; };
		6281A2D319CFAC9A008ABC17 /* Info.plist */ = {isa = PBXFileReference; lastKnownFileType = text.plist.xml; path = Info.plist; sourceTree = "<group>"; };
		6281A2D419CFAC9A008ABC17 /* MacHandOffTests.m */ = {isa = PBXFileReference; lastKnownFileType = sourcecode.c.objc; path = MacHandOffTests.m; sourceTree = "<group>"; };
/* End PBXFileReference section */

/* Begin PBXFrameworksBuildPhase section */
		6281A2B819CFAC9A008ABC17 /* Frameworks */ = {
			isa = PBXFrameworksBuildPhase;
			buildActionMask = 2147483647;
			files = (
			);
			runOnlyForDeploymentPostprocessing = 0;
		};
		6281A2CB19CFAC9A008ABC17 /* Frameworks */ = {
			isa = PBXFrameworksBuildPhase;
			buildActionMask = 2147483647;
			files = (
			);
			runOnlyForDeploymentPostprocessing = 0;
		};
/* End PBXFrameworksBuildPhase section */

/* Begin PBXGroup section */
		6281A2B219CFAC9A008ABC17 = {
			isa = PBXGroup;
			children = (
				6281A2BD19CFAC9A008ABC17 /* MacHandOff */,
				6281A2D119CFAC9A008ABC17 /* MacHandOffTests */,
				6281A2BC19CFAC9A008ABC17 /* Products */,
			);
			sourceTree = "<group>";
		};
		6281A2BC19CFAC9A008ABC17 /* Products */ = {
			isa = PBXGroup;
			children = (
				6281A2BB19CFAC9A008ABC17 /* MacHandOff.app */,
				6281A2CE19CFAC9A008ABC17 /* MacHandOffTests.xctest */,
			);
			name = Products;
			sourceTree = "<group>";
		};
		6281A2BD19CFAC9A008ABC17 /* MacHandOff */ = {
			isa = PBXGroup;
			children = (
				6281A2C219CFAC9A008ABC17 /* AppDelegate.h */,
				6281A2C319CFAC9A008ABC17 /* AppDelegate.m */,
				6281A2C519CFAC9A008ABC17 /* Images.xcassets */,
				6281A2C719CFAC9A008ABC17 /* MainMenu.xib */,
				6281A2BE19CFAC9A008ABC17 /* Supporting Files */,
			);
			path = MacHandOff;
			sourceTree = "<group>";
		};
		6281A2BE19CFAC9A008ABC17 /* Supporting Files */ = {
			isa = PBXGroup;
			children = (
				6281A2BF19CFAC9A008ABC17 /* Info.plist */,
				6281A2C019CFAC9A008ABC17 /* main.m */,
			);
			name = "Supporting Files";
			sourceTree = "<group>";
		};
		6281A2D119CFAC9A008ABC17 /* MacHandOffTests */ = {
			isa = PBXGroup;
			children = (
				6281A2D419CFAC9A008ABC17 /* MacHandOffTests.m */,
				6281A2D219CFAC9A008ABC17 /* Supporting Files */,
			);
			path = MacHandOffTests;
			sourceTree = "<group>";
		};
		6281A2D219CFAC9A008ABC17 /* Supporting Files */ = {
			isa = PBXGroup;
			children = (
				6281A2D319CFAC9A008ABC17 /* Info.plist */,
			);
			name = "Supporting Files";
			sourceTree = "<group>";
		};
/* End PBXGroup section */

/* Begin PBXNativeTarget section */
		6281A2BA19CFAC9A008ABC17 /* MacHandOff */ = {
			isa = PBXNativeTarget;
			buildConfigurationList = 6281A2D819CFAC9A008ABC17 /* Build configuration list for PBXNativeTarget "MacHandOff" */;
			buildPhases = (
				6281A2B719CFAC9A008ABC17 /* Sources */,
				6281A2B819CFAC9A008ABC17 /* Frameworks */,
				6281A2B919CFAC9A008ABC17 /* Resources */,
			);
			buildRules = (
			);
			dependencies = (
			);
			name = MacHandOff;
			productName = MacHandOff;
			productReference = 6281A2BB19CFAC9A008ABC17 /* MacHandOff.app */;
			productType = "com.apple.product-type.application";
		};
		6281A2CD19CFAC9A008ABC17 /* MacHandOffTests */ = {
			isa = PBXNativeTarget;
			buildConfigurationList = 6281A2DB19CFAC9A008ABC17 /* Build configuration list for PBXNativeTarget "MacHandOffTests" */;
			buildPhases = (
				6281A2CA19CFAC9A008ABC17 /* Sources */,
				6281A2CB19CFAC9A008ABC17 /* Frameworks */,
				6281A2CC19CFAC9A008ABC17 /* Resources */,
			);
			buildRules = (
			);
			dependencies = (
				6281A2D019CFAC9A008ABC17 /* PBXTargetDependency */,
			);
			name = MacHandOffTests;
			productName = MacHandOffTests;
			productReference = 6281A2CE19CFAC9A008ABC17 /* MacHandOffTests.xctest */;
			productType = "com.apple.product-type.bundle.unit-test";
		};
/* End PBXNativeTarget section */

/* Begin PBXProject section */
		6281A2B319CFAC9A008ABC17 /* Project object */ = {
			isa = PBXProject;
			attributes = {
				LastUpgradeCheck = 0600;
				ORGANIZATIONNAME = "石田 勝嗣";
				TargetAttributes = {
					6281A2BA19CFAC9A008ABC17 = {
						CreatedOnToolsVersion = 6.0.1;
					};
					6281A2CD19CFAC9A008ABC17 = {
						CreatedOnToolsVersion = 6.0.1;
						TestTargetID = 6281A2BA19CFAC9A008ABC17;
					};
				};
			};
			buildConfigurationList = 6281A2B619CFAC9A008ABC17 /* Build configuration list for PBXProject "MacHandOff" */;
			compatibilityVersion = "Xcode 3.2";
			developmentRegion = English;
			hasScannedForEncodings = 0;
			knownRegions = (
				en,
				Base,
			);
			mainGroup = 6281A2B219CFAC9A008ABC17;
			productRefGroup = 6281A2BC19CFAC9A008ABC17 /* Products */;
			projectDirPath = "";
			projectRoot = "";
			targets = (
				6281A2BA19CFAC9A008ABC17 /* MacHandOff */,
				6281A2CD19CFAC9A008ABC17 /* MacHandOffTests */,
			);
		};
/* End PBXProject section */

/* Begin PBXResourcesBuildPhase section */
		6281A2B919CFAC9A008ABC17 /* Resources */ = {
			isa = PBXResourcesBuildPhase;
			buildActionMask = 2147483647;
			files = (
				6281A2C619CFAC9A008ABC17 /* Images.xcassets in Resources */,
				6281A2C919CFAC9A008ABC17 /* MainMenu.xib in Resources */,
			);
			runOnlyForDeploymentPostprocessing = 0;
		};
		6281A2CC19CFAC9A008ABC17 /* Resources */ = {
			isa = PBXResourcesBuildPhase;
			buildActionMask = 2147483647;
			files = (
			);
			runOnlyForDeploymentPostprocessing = 0;
		};
/* End PBXResourcesBuildPhase section */

/* Begin PBXSourcesBuildPhase section */
		6281A2B719CFAC9A008ABC17 /* Sources */ = {
			isa = PBXSourcesBuildPhase;
			buildActionMask = 2147483647;
			files = (
				6281A2C419CFAC9A008ABC17 /* AppDelegate.m in Sources */,
				6281A2C119CFAC9A008ABC17 /* main.m in Sources */,
			);
			runOnlyForDeploymentPostprocessing = 0;
		};
		6281A2CA19CFAC9A008ABC17 /* Sources */ = {
			isa = PBXSourcesBuildPhase;
			buildActionMask = 2147483647;
			files = (
				6281A2D519CFAC9A008ABC17 /* MacHandOffTests.m in Sources */,
			);
			runOnlyForDeploymentPostprocessing = 0;
		};
/* End PBXSourcesBuildPhase section */

/* Begin PBXTargetDependency section */
		6281A2D019CFAC9A008ABC17 /* PBXTargetDependency */ = {
			isa = PBXTargetDependency;
			target = 6281A2BA19CFAC9A008ABC17 /* MacHandOff */;
			targetProxy = 6281A2CF19CFAC9A008ABC17 /* PBXContainerItemProxy */;
		};
/* End PBXTargetDependency section */

/* Begin PBXVariantGroup section */
		6281A2C719CFAC9A008ABC17 /* MainMenu.xib */ = {
			isa = PBXVariantGroup;
			children = (
				6281A2C819CFAC9A008ABC17 /* Base */,
			);
			name = MainMenu.xib;
			sourceTree = "<group>";
		};
/* End PBXVariantGroup section */

/* Begin XCBuildConfiguration section */
		6281A2D619CFAC9A008ABC17 /* Debug */ = {
			isa = XCBuildConfiguration;
			buildSettings = {
				ALWAYS_SEARCH_USER_PATHS = NO;
				CLANG_CXX_LANGUAGE_STANDARD = "gnu++0x";
				CLANG_CXX_LIBRARY = "libc++";
				CLANG_ENABLE_MODULES = YES;
				CLANG_ENABLE_OBJC_ARC = YES;
				CLANG_WARN_BOOL_CONVERSION = YES;
				CLANG_WARN_CONSTANT_CONVERSION = YES;
				CLANG_WARN_DIRECT_OBJC_ISA_USAGE = YES_ERROR;
				CLANG_WARN_EMPTY_BODY = YES;
				CLANG_WARN_ENUM_CONVERSION = YES;
				CLANG_WARN_INT_CONVERSION = YES;
				CLANG_WARN_OBJC_ROOT_CLASS = YES_ERROR;
				CLANG_WARN_UNREACHABLE_CODE = YES;
				CLANG_WARN__DUPLICATE_METHOD_MATCH = YES;
				CODE_SIGN_IDENTITY = "-";
				COPY_PHASE_STRIP = NO;
				ENABLE_STRICT_OBJC_MSGSEND = YES;
				GCC_C_LANGUAGE_STANDARD = gnu99;
				GCC_DYNAMIC_NO_PIC = NO;
				GCC_OPTIMIZATION_LEVEL = 0;
				GCC_PREPROCESSOR_DEFINITIONS = (
					"DEBUG=1",
					"$(inherited)",
				);
				GCC_SYMBOLS_PRIVATE_EXTERN = NO;
				GCC_WARN_64_TO_32_BIT_CONVERSION = YES;
				GCC_WARN_ABOUT_RETURN_TYPE = YES_ERROR;
				GCC_WARN_UNDECLARED_SELECTOR = YES;
				GCC_WARN_UNINITIALIZED_AUTOS = YES_AGGRESSIVE;
				GCC_WARN_UNUSED_FUNCTION = YES;
				GCC_WARN_UNUSED_VARIABLE = YES;
				MACOSX_DEPLOYMENT_TARGET = 10.9;
				MTL_ENABLE_DEBUG_INFO = YES;
				ONLY_ACTIVE_ARCH = YES;
				SDKROOT = macosx;
			};
			name = Debug;
		};
		6281A2D719CFAC9A008ABC17 /* Release */ = {
			isa = XCBuildConfiguration;
			buildSettings = {
				ALWAYS_SEARCH_USER_PATHS = NO;
				CLANG_CXX_LANGUAGE_STANDARD = "gnu++0x";
				CLANG_CXX_LIBRARY = "libc++";
				CLANG_ENABLE_MODULES = YES;
				CLANG_ENABLE_OBJC_ARC = YES;
				CLANG_WARN_BOOL_CONVERSION = YES;
				CLANG_WARN_CONSTANT_CONVERSION = YES;
				CLANG_WARN_DIRECT_OBJC_ISA_USAGE = YES_ERROR;
				CLANG_WARN_EMPTY_BODY = YES;
				CLANG_WARN_ENUM_CONVERSION = YES;
				CLANG_WARN_INT_CONVERSION = YES;
				CLANG_WARN_OBJC_ROOT_CLASS = YES_ERROR;
				CLANG_WARN_UNREACHABLE_CODE = YES;
				CLANG_WARN__DUPLICATE_METHOD_MATCH = YES;
				CODE_SIGN_IDENTITY = "-";
				COPY_PHASE_STRIP = YES;
				DEBUG_INFORMATION_FORMAT = "dwarf-with-dsym";
				ENABLE_NS_ASSERTIONS = NO;
				ENABLE_STRICT_OBJC_MSGSEND = YES;
				GCC_C_LANGUAGE_STANDARD = gnu99;
				GCC_WARN_64_TO_32_BIT_CONVERSION = YES;
				GCC_WARN_ABOUT_RETURN_TYPE = YES_ERROR;
				GCC_WARN_UNDECLARED_SELECTOR = YES;
				GCC_WARN_UNINITIALIZED_AUTOS = YES_AGGRESSIVE;
				GCC_WARN_UNUSED_FUNCTION = YES;
				GCC_WARN_UNUSED_VARIABLE = YES;
				MACOSX_DEPLOYMENT_TARGET = 10.9;
				MTL_ENABLE_DEBUG_INFO = NO;
				SDKROOT = macosx;
			};
			name = Release;
		};
		6281A2D919CFAC9A008ABC17 /* Debug */ = {
			isa = XCBuildConfiguration;
			buildSettings = {
				ASSETCATALOG_COMPILER_APPICON_NAME = AppIcon;
				COMBINE_HIDPI_IMAGES = YES;
				INFOPLIST_FILE = MacHandOff/Info.plist;
				LD_RUNPATH_SEARCH_PATHS = "$(inherited) @executable_path/../Frameworks";
				PRODUCT_NAME = "$(TARGET_NAME)";
			};
			name = Debug;
		};
		6281A2DA19CFAC9A008ABC17 /* Release */ = {
			isa = XCBuildConfiguration;
			buildSettings = {
				ASSETCATALOG_COMPILER_APPICON_NAME = AppIcon;
				COMBINE_HIDPI_IMAGES = YES;
				INFOPLIST_FILE = MacHandOff/Info.plist;
				LD_RUNPATH_SEARCH_PATHS = "$(inherited) @executable_path/../Frameworks";
				PRODUCT_NAME = "$(TARGET_NAME)";
			};
			name = Release;
		};
		6281A2DC19CFAC9A008ABC17 /* Debug */ = {
			isa = XCBuildConfiguration;
			buildSettings = {
				BUNDLE_LOADER = "$(TEST_HOST)";
				COMBINE_HIDPI_IMAGES = YES;
				FRAMEWORK_SEARCH_PATHS = (
					"$(DEVELOPER_FRAMEWORKS_DIR)",
					"$(inherited)",
				);
				GCC_PREPROCESSOR_DEFINITIONS = (
					"DEBUG=1",
					"$(inherited)",
				);
				INFOPLIST_FILE = MacHandOffTests/Info.plist;
				LD_RUNPATH_SEARCH_PATHS = "$(inherited) @executable_path/../Frameworks @loader_path/../Frameworks";
				PRODUCT_NAME = "$(TARGET_NAME)";
				TEST_HOST = "$(BUILT_PRODUCTS_DIR)/MacHandOff.app/Contents/MacOS/MacHandOff";
			};
			name = Debug;
		};
		6281A2DD19CFAC9A008ABC17 /* Release */ = {
			isa = XCBuildConfiguration;
			buildSettings = {
				BUNDLE_LOADER = "$(TEST_HOST)";
				COMBINE_HIDPI_IMAGES = YES;
				FRAMEWORK_SEARCH_PATHS = (
					"$(DEVELOPER_FRAMEWORKS_DIR)",
					"$(inherited)",
				);
				INFOPLIST_FILE = MacHandOffTests/Info.plist;
				LD_RUNPATH_SEARCH_PATHS = "$(inherited) @executable_path/../Frameworks @loader_path/../Frameworks";
				PRODUCT_NAME = "$(TARGET_NAME)";
				TEST_HOST = "$(BUILT_PRODUCTS_DIR)/MacHandOff.app/Contents/MacOS/MacHandOff";
			};
			name = Release;
		};
/* End XCBuildConfiguration section */

/* Begin XCConfigurationList section */
		6281A2B619CFAC9A008ABC17 /* Build configuration list for PBXProject "MacHandOff" */ = {
			isa = XCConfigurationList;
			buildConfigurations = (
				6281A2D619CFAC9A008ABC17 /* Debug */,
				6281A2D719CFAC9A008ABC17 /* Release */,
			);
			defaultConfigurationIsVisible = 0;
			defaultConfigurationName = Release;
		};
		6281A2D819CFAC9A008ABC17 /* Build configuration list for PBXNativeTarget "MacHandOff" */ = {
			isa = XCConfigurationList;
			buildConfigurations = (
				6281A2D919CFAC9A008ABC17 /* Debug */,
				6281A2DA19CFAC9A008ABC17 /* Release */,
			);
			defaultConfigurationIsVisible = 0;
		};
		6281A2DB19CFAC9A008ABC17 /* Build configuration list for PBXNativeTarget "MacHandOffTests" */ = {
			isa = XCConfigurationList;
			buildConfigurations = (
				6281A2DC19CFAC9A008ABC17 /* Debug */,
				6281A2DD19CFAC9A008ABC17 /* Release */,
			);
			defaultConfigurationIsVisible = 0;
		};
/* End XCConfigurationList section */
	};
	rootObject = 6281A2B319CFAC9A008ABC17 /* Project object */;
}
